// !$*UTF8*$!
{
	archiveVersion = 1;
	classes = {
	};
	objectVersion = 52;
	objects = {

/* Begin PBXBuildFile section */
		140D1D272511DDB500796E94 /* GameContentView.swift in Sources */ = {isa = PBXBuildFile; fileRef = 140D1D262511DDB500796E94 /* GameContentView.swift */; };
		141983502485CC7100F4DC1D /* StatsLMPModel.swift in Sources */ = {isa = PBXBuildFile; fileRef = 1419834F2485CC7100F4DC1D /* StatsLMPModel.swift */; };
		141F9A08254F740B00AFAD9D /* ProbablePitcherView.swift in Sources */ = {isa = PBXBuildFile; fileRef = 141F9A07254F740B00AFAD9D /* ProbablePitcherView.swift */; };
		1425499E255F848200EBE5AD /* SDWebImageSwiftUI in Frameworks */ = {isa = PBXBuildFile; productRef = 1425499D255F848200EBE5AD /* SDWebImageSwiftUI */; };
		143A7715259064A3009D790F /* RequestBuilder.swift in Sources */ = {isa = PBXBuildFile; fileRef = 143A7714259064A3009D790F /* RequestBuilder.swift */; };
		143A771825906503009D790F /* APIError.swift in Sources */ = {isa = PBXBuildFile; fileRef = 143A771725906503009D790F /* APIError.swift */; };
		143A771B259065A5009D790F /* APISession.swift in Sources */ = {isa = PBXBuildFile; fileRef = 143A771A259065A5009D790F /* APISession.swift */; };
		143A771E25906A8C009D790F /* EndPoint.swift in Sources */ = {isa = PBXBuildFile; fileRef = 143A771D25906A8C009D790F /* EndPoint.swift */; };
		143A772425906F98009D790F /* ContentViewModel.swift in Sources */ = {isa = PBXBuildFile; fileRef = 143A772325906F98009D790F /* ContentViewModel.swift */; };
		143A772C2591787F009D790F /* HeaderView.swift in Sources */ = {isa = PBXBuildFile; fileRef = 143A772B2591787E009D790F /* HeaderView.swift */; };
		143E36D1253943DC0084066C /* LMPModel.swift in Sources */ = {isa = PBXBuildFile; fileRef = 143E36D0253943DC0084066C /* LMPModel.swift */; };
		143E36D5253CF96D0084066C /* RHESectionView.swift in Sources */ = {isa = PBXBuildFile; fileRef = 143E36D4253CF96D0084066C /* RHESectionView.swift */; };
		143EA1C0252EC6CE00C44A94 /* LinescoreView.swift in Sources */ = {isa = PBXBuildFile; fileRef = 143EA1BF252EC6CE00C44A94 /* LinescoreView.swift */; };
		144A5EC725214F2600315B07 /* DatePickerViewSelector.swift in Sources */ = {isa = PBXBuildFile; fileRef = 144A5EC625214F2600315B07 /* DatePickerViewSelector.swift */; };
		144A5EE2252198DC00315B07 /* TeamView.swift in Sources */ = {isa = PBXBuildFile; fileRef = 144A5EE1252198DC00315B07 /* TeamView.swift */; };
		144A5EE525219B8400315B07 /* ScoreView.swift in Sources */ = {isa = PBXBuildFile; fileRef = 144A5EE425219B8400315B07 /* ScoreView.swift */; };
		144B98D02579F0C000576BBC /* TextInfoView.swift in Sources */ = {isa = PBXBuildFile; fileRef = 144B98CF2579F0C000576BBC /* TextInfoView.swift */; };
		144E2BFD2583287500DF570D /* ScoreboardModelTest.swift in Sources */ = {isa = PBXBuildFile; fileRef = 144E2BFC2583287500DF570D /* ScoreboardModelTest.swift */; };
		144E2C0025832CFD00DF570D /* Status.swift in Sources */ = {isa = PBXBuildFile; fileRef = 144E2BFF25832CFD00DF570D /* Status.swift */; };
		144E2C0325832E4000DF570D /* Teams.swift in Sources */ = {isa = PBXBuildFile; fileRef = 144E2C0225832E4000DF570D /* Teams.swift */; };
		144E2C062583395B00DF570D /* Linescore.swift in Sources */ = {isa = PBXBuildFile; fileRef = 144E2C052583395B00DF570D /* Linescore.swift */; };
		144E2C092583410800DF570D /* Decisions.swift in Sources */ = {isa = PBXBuildFile; fileRef = 144E2C082583410800DF570D /* Decisions.swift */; };
		144E2C122584816A00DF570D /* PlayerStats.swift in Sources */ = {isa = PBXBuildFile; fileRef = 144E2C112584816A00DF570D /* PlayerStats.swift */; };
		144E2C15258481D300DF570D /* BoxscoreModel.swift in Sources */ = {isa = PBXBuildFile; fileRef = 144E2C14258481D300DF570D /* BoxscoreModel.swift */; };
		144E2C182584844900DF570D /* Boxscore.swift in Sources */ = {isa = PBXBuildFile; fileRef = 144E2C172584844900DF570D /* Boxscore.swift */; };
		144E2C1B2584863200DF570D /* FieldList.swift in Sources */ = {isa = PBXBuildFile; fileRef = 144E2C1A2584863200DF570D /* FieldList.swift */; };
		1456C3B3257DED2A00CE40B7 /* LMP2App.swift in Sources */ = {isa = PBXBuildFile; fileRef = 1456C3B2257DED2A00CE40B7 /* LMP2App.swift */; };
		1456C3C52581849100CE40B7 /* SelectorTeamPickerView.swift in Sources */ = {isa = PBXBuildFile; fileRef = 1456C3C42581849100CE40B7 /* SelectorTeamPickerView.swift */; };
		145D6FB0258DC16D0099CF83 /* PersonView.swift in Sources */ = {isa = PBXBuildFile; fileRef = 145D6FAF258DC16D0099CF83 /* PersonView.swift */; };
		146BC4292546807E00334333 /* MainScrollView.swift in Sources */ = {isa = PBXBuildFile; fileRef = 146BC4282546807E00334333 /* MainScrollView.swift */; };
		147E39B5257463BB0065FD7E /* TextListView.swift in Sources */ = {isa = PBXBuildFile; fileRef = 147E39B4257463BB0065FD7E /* TextListView.swift */; };
		1484EC172599429F002B82AC /* ScorePreviewCell.swift in Sources */ = {isa = PBXBuildFile; fileRef = 1484EC162599429F002B82AC /* ScorePreviewCell.swift */; };
		1484EC1B2599496F002B82AC /* ScoreFinalCell.swift in Sources */ = {isa = PBXBuildFile; fileRef = 1484EC1A2599496F002B82AC /* ScoreFinalCell.swift */; };
		14863916259FFCDF00283F9A /* TeamNameLinescoreView.swift in Sources */ = {isa = PBXBuildFile; fileRef = 14863915259FFCDF00283F9A /* TeamNameLinescoreView.swift */; };
		148D2E892598628C005BB4F3 /* ScoreLiveCell.swift in Sources */ = {isa = PBXBuildFile; fileRef = 148D2E882598628C005BB4F3 /* ScoreLiveCell.swift */; };
		14BA4527258F327200D862AC /* live.json in Resources */ = {isa = PBXBuildFile; fileRef = 14BA4526258F327200D862AC /* live.json */; };
		14BA452D258F34DE00D862AC /* schedule.json in Resources */ = {isa = PBXBuildFile; fileRef = 14BA452C258F34DE00D862AC /* schedule.json */; };
		14BBFC4524ECC17000BA1B9E /* StandingMLBModel.swift in Sources */ = {isa = PBXBuildFile; fileRef = 14BBFC4424ECC17000BA1B9E /* StandingMLBModel.swift */; };
		14BBFC4924EF6E2D00BA1B9E /* StandingsMLBView.swift in Sources */ = {isa = PBXBuildFile; fileRef = 14BBFC4824EF6E2D00BA1B9E /* StandingsMLBView.swift */; };
		14C768C024E757DE00AC3F6F /* Extensions.swift in Sources */ = {isa = PBXBuildFile; fileRef = 14C768BF24E757DE00AC3F6F /* Extensions.swift */; };
		14E05B1A2460AA92008F2836 /* TabBarView.swift in Sources */ = {isa = PBXBuildFile; fileRef = 14E05B192460AA92008F2836 /* TabBarView.swift */; };
		14E05B1C2460AA93008F2836 /* Assets.xcassets in Resources */ = {isa = PBXBuildFile; fileRef = 14E05B1B2460AA93008F2836 /* Assets.xcassets */; };
		14E05B1F2460AA93008F2836 /* Preview Assets.xcassets in Resources */ = {isa = PBXBuildFile; fileRef = 14E05B1E2460AA93008F2836 /* Preview Assets.xcassets */; };
		14E05B222460AA93008F2836 /* LaunchScreen.storyboard in Resources */ = {isa = PBXBuildFile; fileRef = 14E05B202460AA93008F2836 /* LaunchScreen.storyboard */; };
		14E05B462460B4A7008F2836 /* ScoreboardView.swift in Sources */ = {isa = PBXBuildFile; fileRef = 14E05B452460B4A7008F2836 /* ScoreboardView.swift */; };
		14E0D920252AD01000C37C3C /* DiamondView.swift in Sources */ = {isa = PBXBuildFile; fileRef = 14E0D91F252AD01000C37C3C /* DiamondView.swift */; };
		14E0D923252AD48E00C37C3C /* InningView.swift in Sources */ = {isa = PBXBuildFile; fileRef = 14E0D922252AD48E00C37C3C /* InningView.swift */; };
		14E0D926252AD65500C37C3C /* BSOView.swift in Sources */ = {isa = PBXBuildFile; fileRef = 14E0D925252AD65500C37C3C /* BSOView.swift */; };
		14EA9B2524774F7700AE32AF /* StandingLMPModel.swift in Sources */ = {isa = PBXBuildFile; fileRef = 14EA9B2424774F7700AE32AF /* StandingLMPModel.swift */; };
		14EA9B272477575100AE32AF /* StandingView.swift in Sources */ = {isa = PBXBuildFile; fileRef = 14EA9B262477575100AE32AF /* StandingView.swift */; };
/* End PBXBuildFile section */

/* Begin PBXFileReference section */
		140D1D262511DDB500796E94 /* GameContentView.swift */ = {isa = PBXFileReference; lastKnownFileType = sourcecode.swift; path = GameContentView.swift; sourceTree = "<group>"; };
		1419834F2485CC7100F4DC1D /* StatsLMPModel.swift */ = {isa = PBXFileReference; lastKnownFileType = sourcecode.swift; path = StatsLMPModel.swift; sourceTree = "<group>"; };
		141F9A07254F740B00AFAD9D /* ProbablePitcherView.swift */ = {isa = PBXFileReference; lastKnownFileType = sourcecode.swift; path = ProbablePitcherView.swift; sourceTree = "<group>"; };
		143A7714259064A3009D790F /* RequestBuilder.swift */ = {isa = PBXFileReference; lastKnownFileType = sourcecode.swift; path = RequestBuilder.swift; sourceTree = "<group>"; };
		143A771725906503009D790F /* APIError.swift */ = {isa = PBXFileReference; lastKnownFileType = sourcecode.swift; path = APIError.swift; sourceTree = "<group>"; };
		143A771A259065A5009D790F /* APISession.swift */ = {isa = PBXFileReference; lastKnownFileType = sourcecode.swift; path = APISession.swift; sourceTree = "<group>"; };
		143A771D25906A8C009D790F /* EndPoint.swift */ = {isa = PBXFileReference; lastKnownFileType = sourcecode.swift; path = EndPoint.swift; sourceTree = "<group>"; };
		143A772325906F98009D790F /* ContentViewModel.swift */ = {isa = PBXFileReference; lastKnownFileType = sourcecode.swift; path = ContentViewModel.swift; sourceTree = "<group>"; };
		143A772B2591787E009D790F /* HeaderView.swift */ = {isa = PBXFileReference; lastKnownFileType = sourcecode.swift; path = HeaderView.swift; sourceTree = "<group>"; };
		143E36D0253943DC0084066C /* LMPModel.swift */ = {isa = PBXFileReference; lastKnownFileType = sourcecode.swift; path = LMPModel.swift; sourceTree = "<group>"; };
		143E36D4253CF96D0084066C /* RHESectionView.swift */ = {isa = PBXFileReference; lastKnownFileType = sourcecode.swift; path = RHESectionView.swift; sourceTree = "<group>"; };
		143EA1BF252EC6CE00C44A94 /* LinescoreView.swift */ = {isa = PBXFileReference; lastKnownFileType = sourcecode.swift; path = LinescoreView.swift; sourceTree = "<group>"; };
		144A5EC625214F2600315B07 /* DatePickerViewSelector.swift */ = {isa = PBXFileReference; lastKnownFileType = sourcecode.swift; path = DatePickerViewSelector.swift; sourceTree = "<group>"; };
		144A5EE1252198DC00315B07 /* TeamView.swift */ = {isa = PBXFileReference; lastKnownFileType = sourcecode.swift; path = TeamView.swift; sourceTree = "<group>"; };
		144A5EE425219B8400315B07 /* ScoreView.swift */ = {isa = PBXFileReference; lastKnownFileType = sourcecode.swift; path = ScoreView.swift; sourceTree = "<group>"; };
		144B98CF2579F0C000576BBC /* TextInfoView.swift */ = {isa = PBXFileReference; lastKnownFileType = sourcecode.swift; path = TextInfoView.swift; sourceTree = "<group>"; };
		144E2BFC2583287500DF570D /* ScoreboardModelTest.swift */ = {isa = PBXFileReference; lastKnownFileType = sourcecode.swift; path = ScoreboardModelTest.swift; sourceTree = "<group>"; };
		144E2BFF25832CFD00DF570D /* Status.swift */ = {isa = PBXFileReference; lastKnownFileType = sourcecode.swift; path = Status.swift; sourceTree = "<group>"; };
		144E2C0225832E4000DF570D /* Teams.swift */ = {isa = PBXFileReference; lastKnownFileType = sourcecode.swift; path = Teams.swift; sourceTree = "<group>"; };
		144E2C052583395B00DF570D /* Linescore.swift */ = {isa = PBXFileReference; lastKnownFileType = sourcecode.swift; path = Linescore.swift; sourceTree = "<group>"; };
		144E2C082583410800DF570D /* Decisions.swift */ = {isa = PBXFileReference; lastKnownFileType = sourcecode.swift; path = Decisions.swift; sourceTree = "<group>"; };
		144E2C112584816A00DF570D /* PlayerStats.swift */ = {isa = PBXFileReference; lastKnownFileType = sourcecode.swift; path = PlayerStats.swift; sourceTree = "<group>"; };
		144E2C14258481D300DF570D /* BoxscoreModel.swift */ = {isa = PBXFileReference; lastKnownFileType = sourcecode.swift; path = BoxscoreModel.swift; sourceTree = "<group>"; };
		144E2C172584844900DF570D /* Boxscore.swift */ = {isa = PBXFileReference; lastKnownFileType = sourcecode.swift; path = Boxscore.swift; sourceTree = "<group>"; };
		144E2C1A2584863200DF570D /* FieldList.swift */ = {isa = PBXFileReference; lastKnownFileType = sourcecode.swift; path = FieldList.swift; sourceTree = "<group>"; };
		1456C3B2257DED2A00CE40B7 /* LMP2App.swift */ = {isa = PBXFileReference; lastKnownFileType = sourcecode.swift; path = LMP2App.swift; sourceTree = "<group>"; };
		1456C3BA257DF76800CE40B7 /* LMP 2.entitlements */ = {isa = PBXFileReference; lastKnownFileType = text.plist.entitlements; path = "LMP 2.entitlements"; sourceTree = "<group>"; };
		1456C3C42581849100CE40B7 /* SelectorTeamPickerView.swift */ = {isa = PBXFileReference; lastKnownFileType = sourcecode.swift; path = SelectorTeamPickerView.swift; sourceTree = "<group>"; };
		145D6FAF258DC16D0099CF83 /* PersonView.swift */ = {isa = PBXFileReference; lastKnownFileType = sourcecode.swift; path = PersonView.swift; sourceTree = "<group>"; };
		146BC4282546807E00334333 /* MainScrollView.swift */ = {isa = PBXFileReference; lastKnownFileType = sourcecode.swift; path = MainScrollView.swift; sourceTree = "<group>"; };
		147E39B4257463BB0065FD7E /* TextListView.swift */ = {isa = PBXFileReference; lastKnownFileType = sourcecode.swift; path = TextListView.swift; sourceTree = "<group>"; };
		1484EC162599429F002B82AC /* ScorePreviewCell.swift */ = {isa = PBXFileReference; lastKnownFileType = sourcecode.swift; path = ScorePreviewCell.swift; sourceTree = "<group>"; };
		1484EC1A2599496F002B82AC /* ScoreFinalCell.swift */ = {isa = PBXFileReference; lastKnownFileType = sourcecode.swift; path = ScoreFinalCell.swift; sourceTree = "<group>"; };
		14863915259FFCDF00283F9A /* TeamNameLinescoreView.swift */ = {isa = PBXFileReference; lastKnownFileType = sourcecode.swift; path = TeamNameLinescoreView.swift; sourceTree = "<group>"; };
		148D2E882598628C005BB4F3 /* ScoreLiveCell.swift */ = {isa = PBXFileReference; lastKnownFileType = sourcecode.swift; path = ScoreLiveCell.swift; sourceTree = "<group>"; };
		14BA4526258F327200D862AC /* live.json */ = {isa = PBXFileReference; explicitFileType = text; path = live.json; sourceTree = "<group>"; wrapsLines = 1; };
		14BA452C258F34DE00D862AC /* schedule.json */ = {isa = PBXFileReference; explicitFileType = text; path = schedule.json; sourceTree = "<group>"; wrapsLines = 1; };
		14BBFC4424ECC17000BA1B9E /* StandingMLBModel.swift */ = {isa = PBXFileReference; lastKnownFileType = sourcecode.swift; path = StandingMLBModel.swift; sourceTree = "<group>"; };
		14BBFC4824EF6E2D00BA1B9E /* StandingsMLBView.swift */ = {isa = PBXFileReference; lastKnownFileType = sourcecode.swift; path = StandingsMLBView.swift; sourceTree = "<group>"; };
		14C768BF24E757DE00AC3F6F /* Extensions.swift */ = {isa = PBXFileReference; lastKnownFileType = sourcecode.swift; path = Extensions.swift; sourceTree = "<group>"; };
		14E05B122460AA92008F2836 /* LMP 2.app */ = {isa = PBXFileReference; explicitFileType = wrapper.application; includeInIndex = 0; path = "LMP 2.app"; sourceTree = BUILT_PRODUCTS_DIR; };
		14E05B192460AA92008F2836 /* TabBarView.swift */ = {isa = PBXFileReference; lastKnownFileType = sourcecode.swift; path = TabBarView.swift; sourceTree = "<group>"; };
		14E05B1B2460AA93008F2836 /* Assets.xcassets */ = {isa = PBXFileReference; lastKnownFileType = folder.assetcatalog; path = Assets.xcassets; sourceTree = "<group>"; };
		14E05B1E2460AA93008F2836 /* Preview Assets.xcassets */ = {isa = PBXFileReference; lastKnownFileType = folder.assetcatalog; path = "Preview Assets.xcassets"; sourceTree = "<group>"; };
		14E05B212460AA93008F2836 /* Base */ = {isa = PBXFileReference; lastKnownFileType = file.storyboard; name = Base; path = Base.lproj/LaunchScreen.storyboard; sourceTree = "<group>"; };
		14E05B232460AA93008F2836 /* Info.plist */ = {isa = PBXFileReference; lastKnownFileType = text.plist.xml; path = Info.plist; sourceTree = "<group>"; };
		14E05B452460B4A7008F2836 /* ScoreboardView.swift */ = {isa = PBXFileReference; lastKnownFileType = sourcecode.swift; path = ScoreboardView.swift; sourceTree = "<group>"; };
		14E0D91F252AD01000C37C3C /* DiamondView.swift */ = {isa = PBXFileReference; lastKnownFileType = sourcecode.swift; path = DiamondView.swift; sourceTree = "<group>"; };
		14E0D922252AD48E00C37C3C /* InningView.swift */ = {isa = PBXFileReference; lastKnownFileType = sourcecode.swift; path = InningView.swift; sourceTree = "<group>"; };
		14E0D925252AD65500C37C3C /* BSOView.swift */ = {isa = PBXFileReference; lastKnownFileType = sourcecode.swift; path = BSOView.swift; sourceTree = "<group>"; };
		14EA9B2424774F7700AE32AF /* StandingLMPModel.swift */ = {isa = PBXFileReference; lastKnownFileType = sourcecode.swift; path = StandingLMPModel.swift; sourceTree = "<group>"; };
		14EA9B262477575100AE32AF /* StandingView.swift */ = {isa = PBXFileReference; lastKnownFileType = sourcecode.swift; path = StandingView.swift; sourceTree = "<group>"; };
/* End PBXFileReference section */

/* Begin PBXFrameworksBuildPhase section */
		14E05B0F2460AA92008F2836 /* Frameworks */ = {
			isa = PBXFrameworksBuildPhase;
			buildActionMask = 2147483647;
			files = (
				1425499E255F848200EBE5AD /* SDWebImageSwiftUI in Frameworks */,
			);
			runOnlyForDeploymentPostprocessing = 0;
		};
/* End PBXFrameworksBuildPhase section */

/* Begin PBXGroup section */
		144A5EDF2521985500315B07 /* ScoreBoardCell */ = {
			isa = PBXGroup;
			children = (
				148D2E8C259922DA005BB4F3 /* CellStateViews */,
				144A5EE0252198AB00315B07 /* Views */,
				14E05B452460B4A7008F2836 /* ScoreboardView.swift */,
			);
			path = ScoreBoardCell;
			sourceTree = "<group>";
		};
		144A5EE0252198AB00315B07 /* Views */ = {
			isa = PBXGroup;
			children = (
				144A5EE1252198DC00315B07 /* TeamView.swift */,
				144A5EE425219B8400315B07 /* ScoreView.swift */,
				14E0D91F252AD01000C37C3C /* DiamondView.swift */,
				14E0D922252AD48E00C37C3C /* InningView.swift */,
				14E0D925252AD65500C37C3C /* BSOView.swift */,
				141F9A07254F740B00AFAD9D /* ProbablePitcherView.swift */,
				145D6FAF258DC16D0099CF83 /* PersonView.swift */,
			);
			path = Views;
			sourceTree = "<group>";
		};
		144B98D2257DCB9300576BBC /* ContentModalView */ = {
			isa = PBXGroup;
			children = (
				140D1D262511DDB500796E94 /* GameContentView.swift */,
				147E39B4257463BB0065FD7E /* TextListView.swift */,
				143EA1BF252EC6CE00C44A94 /* LinescoreView.swift */,
				14863915259FFCDF00283F9A /* TeamNameLinescoreView.swift */,
				143E36D4253CF96D0084066C /* RHESectionView.swift */,
				144B98CF2579F0C000576BBC /* TextInfoView.swift */,
				1456C3C42581849100CE40B7 /* SelectorTeamPickerView.swift */,
			);
			path = ContentModalView;
			sourceTree = "<group>";
		};
		144B98D7257DD2D300576BBC /* StandingView */ = {
			isa = PBXGroup;
			children = (
				14EA9B262477575100AE32AF /* StandingView.swift */,
				14BBFC4824EF6E2D00BA1B9E /* StandingsMLBView.swift */,
			);
			path = StandingView;
			sourceTree = "<group>";
		};
		144E2BFB2583283500DF570D /* Models */ = {
			isa = PBXGroup;
			children = (
				144E2BFC2583287500DF570D /* ScoreboardModelTest.swift */,
				144E2C14258481D300DF570D /* BoxscoreModel.swift */,
				144E2BFF25832CFD00DF570D /* Status.swift */,
				144E2C0225832E4000DF570D /* Teams.swift */,
				144E2C052583395B00DF570D /* Linescore.swift */,
				144E2C082583410800DF570D /* Decisions.swift */,
				144E2C112584816A00DF570D /* PlayerStats.swift */,
				144E2C172584844900DF570D /* Boxscore.swift */,
				144E2C1A2584863200DF570D /* FieldList.swift */,
			);
			path = Models;
			sourceTree = "<group>";
		};
		148D2E8C259922DA005BB4F3 /* CellStateViews */ = {
			isa = PBXGroup;
			children = (
				1484EC162599429F002B82AC /* ScorePreviewCell.swift */,
				148D2E882598628C005BB4F3 /* ScoreLiveCell.swift */,
				1484EC1A2599496F002B82AC /* ScoreFinalCell.swift */,
			);
			path = CellStateViews;
			sourceTree = "<group>";
		};
		149F27C6247E2683003D8307 /* Model */ = {
			isa = PBXGroup;
			children = (
				144E2BFB2583283500DF570D /* Models */,
				14EA9B2424774F7700AE32AF /* StandingLMPModel.swift */,
				14BBFC4424ECC17000BA1B9E /* StandingMLBModel.swift */,
				1419834F2485CC7100F4DC1D /* StatsLMPModel.swift */,
				143E36D0253943DC0084066C /* LMPModel.swift */,
			);
			path = Model;
			sourceTree = "<group>";
		};
		149F27C7247E273F003D8307 /* Views */ = {
			isa = PBXGroup;
			children = (
				14E05B192460AA92008F2836 /* TabBarView.swift */,
				143A772B2591787E009D790F /* HeaderView.swift */,
				146BC4282546807E00334333 /* MainScrollView.swift */,
				144A5EC625214F2600315B07 /* DatePickerViewSelector.swift */,
				144A5EDF2521985500315B07 /* ScoreBoardCell */,
				144B98D7257DD2D300576BBC /* StandingView */,
				144B98D2257DCB9300576BBC /* ContentModalView */,
			);
			path = Views;
			sourceTree = "<group>";
		};
		14BA452A258F341700D862AC /* Resourses */ = {
			isa = PBXGroup;
			children = (
				14BA452C258F34DE00D862AC /* schedule.json */,
				14BA4526258F327200D862AC /* live.json */,
			);
			path = Resourses;
			sourceTree = "<group>";
		};
		14C768BE24E757C600AC3F6F /* Extensions */ = {
			isa = PBXGroup;
			children = (
				14C768BF24E757DE00AC3F6F /* Extensions.swift */,
			);
			path = Extensions;
			sourceTree = "<group>";
		};
		14DC6F912546794A000A2F45 /* ViewModel */ = {
			isa = PBXGroup;
			children = (
				143A772325906F98009D790F /* ContentViewModel.swift */,
				143A771A259065A5009D790F /* APISession.swift */,
				143A7714259064A3009D790F /* RequestBuilder.swift */,
				143A771725906503009D790F /* APIError.swift */,
				143A771D25906A8C009D790F /* EndPoint.swift */,
			);
			path = ViewModel;
			sourceTree = "<group>";
		};
		14E05B092460AA92008F2836 = {
			isa = PBXGroup;
			children = (
				14E05B142460AA92008F2836 /* LMP 2 */,
				14E05B132460AA92008F2836 /* Products */,
				14BA452A258F341700D862AC /* Resourses */,
			);
			sourceTree = "<group>";
		};
		14E05B132460AA92008F2836 /* Products */ = {
			isa = PBXGroup;
			children = (
				14E05B122460AA92008F2836 /* LMP 2.app */,
			);
			name = Products;
			sourceTree = "<group>";
		};
		14E05B142460AA92008F2836 /* LMP 2 */ = {
			isa = PBXGroup;
			children = (
				1456C3BA257DF76800CE40B7 /* LMP 2.entitlements */,
				1456C3B2257DED2A00CE40B7 /* LMP2App.swift */,
				149F27C7247E273F003D8307 /* Views */,
				14DC6F912546794A000A2F45 /* ViewModel */,
				149F27C6247E2683003D8307 /* Model */,
				14C768BE24E757C600AC3F6F /* Extensions */,
				14E05B1B2460AA93008F2836 /* Assets.xcassets */,
				14E05B202460AA93008F2836 /* LaunchScreen.storyboard */,
				14E05B232460AA93008F2836 /* Info.plist */,
				14E05B1D2460AA93008F2836 /* Preview Content */,
			);
			path = "LMP 2";
			sourceTree = "<group>";
		};
		14E05B1D2460AA93008F2836 /* Preview Content */ = {
			isa = PBXGroup;
			children = (
				14E05B1E2460AA93008F2836 /* Preview Assets.xcassets */,
			);
			path = "Preview Content";
			sourceTree = "<group>";
		};
/* End PBXGroup section */

/* Begin PBXNativeTarget section */
		14E05B112460AA92008F2836 /* LMP 2 */ = {
			isa = PBXNativeTarget;
			buildConfigurationList = 14E05B3C2460AA93008F2836 /* Build configuration list for PBXNativeTarget "LMP 2" */;
			buildPhases = (
				14E05B0E2460AA92008F2836 /* Sources */,
				14E05B0F2460AA92008F2836 /* Frameworks */,
				14E05B102460AA92008F2836 /* Resources */,
			);
			buildRules = (
			);
			dependencies = (
			);
			name = "LMP 2";
			packageProductDependencies = (
				1425499D255F848200EBE5AD /* SDWebImageSwiftUI */,
			);
			productName = "LMP 2";
			productReference = 14E05B122460AA92008F2836 /* LMP 2.app */;
			productType = "com.apple.product-type.application";
		};
/* End PBXNativeTarget section */

/* Begin PBXProject section */
		14E05B0A2460AA92008F2836 /* Project object */ = {
			isa = PBXProject;
			attributes = {
				LastSwiftUpdateCheck = 1140;
				LastUpgradeCheck = 1200;
				ORGANIZATIONNAME = "Jesús Medina Camargo";
				TargetAttributes = {
					14E05B112460AA92008F2836 = {
						CreatedOnToolsVersion = 11.4.1;
					};
				};
			};
			buildConfigurationList = 14E05B0D2460AA92008F2836 /* Build configuration list for PBXProject "LMP 2" */;
			compatibilityVersion = "Xcode 9.3";
			developmentRegion = en;
			hasScannedForEncodings = 0;
			knownRegions = (
				en,
				Base,
			);
			mainGroup = 14E05B092460AA92008F2836;
			packageReferences = (
				1425499C255F848200EBE5AD /* XCRemoteSwiftPackageReference "SDWebImageSwiftUI" */,
			);
			productRefGroup = 14E05B132460AA92008F2836 /* Products */;
			projectDirPath = "";
			projectRoot = "";
			targets = (
				14E05B112460AA92008F2836 /* LMP 2 */,
			);
		};
/* End PBXProject section */

/* Begin PBXResourcesBuildPhase section */
		14E05B102460AA92008F2836 /* Resources */ = {
			isa = PBXResourcesBuildPhase;
			buildActionMask = 2147483647;
			files = (
				14BA452D258F34DE00D862AC /* schedule.json in Resources */,
				14BA4527258F327200D862AC /* live.json in Resources */,
				14E05B222460AA93008F2836 /* LaunchScreen.storyboard in Resources */,
				14E05B1F2460AA93008F2836 /* Preview Assets.xcassets in Resources */,
				14E05B1C2460AA93008F2836 /* Assets.xcassets in Resources */,
			);
			runOnlyForDeploymentPostprocessing = 0;
		};
/* End PBXResourcesBuildPhase section */

/* Begin PBXSourcesBuildPhase section */
		14E05B0E2460AA92008F2836 /* Sources */ = {
			isa = PBXSourcesBuildPhase;
			buildActionMask = 2147483647;
			files = (
				144E2C1B2584863200DF570D /* FieldList.swift in Sources */,
				141F9A08254F740B00AFAD9D /* ProbablePitcherView.swift in Sources */,
				145D6FB0258DC16D0099CF83 /* PersonView.swift in Sources */,
				14E05B462460B4A7008F2836 /* ScoreboardView.swift in Sources */,
				143E36D1253943DC0084066C /* LMPModel.swift in Sources */,
				141983502485CC7100F4DC1D /* StatsLMPModel.swift in Sources */,
				147E39B5257463BB0065FD7E /* TextListView.swift in Sources */,
				1456C3C52581849100CE40B7 /* SelectorTeamPickerView.swift in Sources */,
				140D1D272511DDB500796E94 /* GameContentView.swift in Sources */,
				144E2C182584844900DF570D /* Boxscore.swift in Sources */,
				144A5EE525219B8400315B07 /* ScoreView.swift in Sources */,
				144E2C0025832CFD00DF570D /* Status.swift in Sources */,
				143A772C2591787F009D790F /* HeaderView.swift in Sources */,
				144E2C15258481D300DF570D /* BoxscoreModel.swift in Sources */,
				14BBFC4524ECC17000BA1B9E /* StandingMLBModel.swift in Sources */,
				144E2C122584816A00DF570D /* PlayerStats.swift in Sources */,
				144B98D02579F0C000576BBC /* TextInfoView.swift in Sources */,
				144E2BFD2583287500DF570D /* ScoreboardModelTest.swift in Sources */,
				144A5EC725214F2600315B07 /* DatePickerViewSelector.swift in Sources */,
				14E0D920252AD01000C37C3C /* DiamondView.swift in Sources */,
				144E2C062583395B00DF570D /* Linescore.swift in Sources */,
				143A771E25906A8C009D790F /* EndPoint.swift in Sources */,
				143EA1C0252EC6CE00C44A94 /* LinescoreView.swift in Sources */,
				14E05B1A2460AA92008F2836 /* TabBarView.swift in Sources */,
				1484EC1B2599496F002B82AC /* ScoreFinalCell.swift in Sources */,
				143A771B259065A5009D790F /* APISession.swift in Sources */,
				1484EC172599429F002B82AC /* ScorePreviewCell.swift in Sources */,
				144E2C0325832E4000DF570D /* Teams.swift in Sources */,
				146BC4292546807E00334333 /* MainScrollView.swift in Sources */,
				14E0D923252AD48E00C37C3C /* InningView.swift in Sources */,
				148D2E892598628C005BB4F3 /* ScoreLiveCell.swift in Sources */,
				144A5EE2252198DC00315B07 /* TeamView.swift in Sources */,
				1456C3B3257DED2A00CE40B7 /* LMP2App.swift in Sources */,
				14EA9B272477575100AE32AF /* StandingView.swift in Sources */,
				14EA9B2524774F7700AE32AF /* StandingLMPModel.swift in Sources */,
				143A772425906F98009D790F /* ContentViewModel.swift in Sources */,
				143E36D5253CF96D0084066C /* RHESectionView.swift in Sources */,
				14BBFC4924EF6E2D00BA1B9E /* StandingsMLBView.swift in Sources */,
				144E2C092583410800DF570D /* Decisions.swift in Sources */,
				143A7715259064A3009D790F /* RequestBuilder.swift in Sources */,
				14C768C024E757DE00AC3F6F /* Extensions.swift in Sources */,
				14863916259FFCDF00283F9A /* TeamNameLinescoreView.swift in Sources */,
				14E0D926252AD65500C37C3C /* BSOView.swift in Sources */,
				143A771825906503009D790F /* APIError.swift in Sources */,
			);
			runOnlyForDeploymentPostprocessing = 0;
		};
/* End PBXSourcesBuildPhase section */

/* Begin PBXVariantGroup section */
		14E05B202460AA93008F2836 /* LaunchScreen.storyboard */ = {
			isa = PBXVariantGroup;
			children = (
				14E05B212460AA93008F2836 /* Base */,
			);
			name = LaunchScreen.storyboard;
			sourceTree = "<group>";
		};
/* End PBXVariantGroup section */

/* Begin XCBuildConfiguration section */
		14E05B3A2460AA93008F2836 /* Debug */ = {
			isa = XCBuildConfiguration;
			buildSettings = {
				ALWAYS_SEARCH_USER_PATHS = NO;
				CLANG_ANALYZER_NONNULL = YES;
				CLANG_ANALYZER_NUMBER_OBJECT_CONVERSION = YES_AGGRESSIVE;
				CLANG_CXX_LANGUAGE_STANDARD = "gnu++14";
				CLANG_CXX_LIBRARY = "libc++";
				CLANG_ENABLE_MODULES = YES;
				CLANG_ENABLE_OBJC_ARC = YES;
				CLANG_ENABLE_OBJC_WEAK = YES;
				CLANG_WARN_BLOCK_CAPTURE_AUTORELEASING = YES;
				CLANG_WARN_BOOL_CONVERSION = YES;
				CLANG_WARN_COMMA = YES;
				CLANG_WARN_CONSTANT_CONVERSION = YES;
				CLANG_WARN_DEPRECATED_OBJC_IMPLEMENTATIONS = YES;
				CLANG_WARN_DIRECT_OBJC_ISA_USAGE = YES_ERROR;
				CLANG_WARN_DOCUMENTATION_COMMENTS = YES;
				CLANG_WARN_EMPTY_BODY = YES;
				CLANG_WARN_ENUM_CONVERSION = YES;
				CLANG_WARN_INFINITE_RECURSION = YES;
				CLANG_WARN_INT_CONVERSION = YES;
				CLANG_WARN_NON_LITERAL_NULL_CONVERSION = YES;
				CLANG_WARN_OBJC_IMPLICIT_RETAIN_SELF = YES;
				CLANG_WARN_OBJC_LITERAL_CONVERSION = YES;
				CLANG_WARN_OBJC_ROOT_CLASS = YES_ERROR;
				CLANG_WARN_QUOTED_INCLUDE_IN_FRAMEWORK_HEADER = YES;
				CLANG_WARN_RANGE_LOOP_ANALYSIS = YES;
				CLANG_WARN_STRICT_PROTOTYPES = YES;
				CLANG_WARN_SUSPICIOUS_MOVE = YES;
				CLANG_WARN_UNGUARDED_AVAILABILITY = YES_AGGRESSIVE;
				CLANG_WARN_UNREACHABLE_CODE = YES;
				CLANG_WARN__DUPLICATE_METHOD_MATCH = YES;
				COPY_PHASE_STRIP = NO;
				DEBUG_INFORMATION_FORMAT = dwarf;
				ENABLE_STRICT_OBJC_MSGSEND = YES;
				ENABLE_TESTABILITY = YES;
				GCC_C_LANGUAGE_STANDARD = gnu11;
				GCC_DYNAMIC_NO_PIC = NO;
				GCC_NO_COMMON_BLOCKS = YES;
				GCC_OPTIMIZATION_LEVEL = 0;
				GCC_PREPROCESSOR_DEFINITIONS = (
					"DEBUG=1",
					"$(inherited)",
				);
				GCC_WARN_64_TO_32_BIT_CONVERSION = YES;
				GCC_WARN_ABOUT_RETURN_TYPE = YES_ERROR;
				GCC_WARN_UNDECLARED_SELECTOR = YES;
				GCC_WARN_UNINITIALIZED_AUTOS = YES_AGGRESSIVE;
				GCC_WARN_UNUSED_FUNCTION = YES;
				GCC_WARN_UNUSED_VARIABLE = YES;
				IPHONEOS_DEPLOYMENT_TARGET = 14.0;
				MTL_ENABLE_DEBUG_INFO = INCLUDE_SOURCE;
				MTL_FAST_MATH = YES;
				ONLY_ACTIVE_ARCH = YES;
				SDKROOT = iphoneos;
				SWIFT_ACTIVE_COMPILATION_CONDITIONS = DEBUG;
				SWIFT_OPTIMIZATION_LEVEL = "-Onone";
			};
			name = Debug;
		};
		14E05B3B2460AA93008F2836 /* Release */ = {
			isa = XCBuildConfiguration;
			buildSettings = {
				ALWAYS_SEARCH_USER_PATHS = NO;
				CLANG_ANALYZER_NONNULL = YES;
				CLANG_ANALYZER_NUMBER_OBJECT_CONVERSION = YES_AGGRESSIVE;
				CLANG_CXX_LANGUAGE_STANDARD = "gnu++14";
				CLANG_CXX_LIBRARY = "libc++";
				CLANG_ENABLE_MODULES = YES;
				CLANG_ENABLE_OBJC_ARC = YES;
				CLANG_ENABLE_OBJC_WEAK = YES;
				CLANG_WARN_BLOCK_CAPTURE_AUTORELEASING = YES;
				CLANG_WARN_BOOL_CONVERSION = YES;
				CLANG_WARN_COMMA = YES;
				CLANG_WARN_CONSTANT_CONVERSION = YES;
				CLANG_WARN_DEPRECATED_OBJC_IMPLEMENTATIONS = YES;
				CLANG_WARN_DIRECT_OBJC_ISA_USAGE = YES_ERROR;
				CLANG_WARN_DOCUMENTATION_COMMENTS = YES;
				CLANG_WARN_EMPTY_BODY = YES;
				CLANG_WARN_ENUM_CONVERSION = YES;
				CLANG_WARN_INFINITE_RECURSION = YES;
				CLANG_WARN_INT_CONVERSION = YES;
				CLANG_WARN_NON_LITERAL_NULL_CONVERSION = YES;
				CLANG_WARN_OBJC_IMPLICIT_RETAIN_SELF = YES;
				CLANG_WARN_OBJC_LITERAL_CONVERSION = YES;
				CLANG_WARN_OBJC_ROOT_CLASS = YES_ERROR;
				CLANG_WARN_QUOTED_INCLUDE_IN_FRAMEWORK_HEADER = YES;
				CLANG_WARN_RANGE_LOOP_ANALYSIS = YES;
				CLANG_WARN_STRICT_PROTOTYPES = YES;
				CLANG_WARN_SUSPICIOUS_MOVE = YES;
				CLANG_WARN_UNGUARDED_AVAILABILITY = YES_AGGRESSIVE;
				CLANG_WARN_UNREACHABLE_CODE = YES;
				CLANG_WARN__DUPLICATE_METHOD_MATCH = YES;
				COPY_PHASE_STRIP = NO;
				DEBUG_INFORMATION_FORMAT = "dwarf-with-dsym";
				ENABLE_NS_ASSERTIONS = NO;
				ENABLE_STRICT_OBJC_MSGSEND = YES;
				GCC_C_LANGUAGE_STANDARD = gnu11;
				GCC_NO_COMMON_BLOCKS = YES;
				GCC_WARN_64_TO_32_BIT_CONVERSION = YES;
				GCC_WARN_ABOUT_RETURN_TYPE = YES_ERROR;
				GCC_WARN_UNDECLARED_SELECTOR = YES;
				GCC_WARN_UNINITIALIZED_AUTOS = YES_AGGRESSIVE;
				GCC_WARN_UNUSED_FUNCTION = YES;
				GCC_WARN_UNUSED_VARIABLE = YES;
				IPHONEOS_DEPLOYMENT_TARGET = 14.0;
				MTL_ENABLE_DEBUG_INFO = NO;
				MTL_FAST_MATH = YES;
				SDKROOT = iphoneos;
				SWIFT_COMPILATION_MODE = wholemodule;
				SWIFT_OPTIMIZATION_LEVEL = "-O";
				VALIDATE_PRODUCT = YES;
			};
			name = Release;
		};
		14E05B3D2460AA93008F2836 /* Debug */ = {
			isa = XCBuildConfiguration;
			buildSettings = {
				ASSETCATALOG_COMPILER_APPICON_NAME = AppIcon;
				CODE_SIGN_ENTITLEMENTS = "LMP 2/LMP 2.entitlements";
				CODE_SIGN_STYLE = Automatic;
				DEVELOPMENT_ASSET_PATHS = "\"LMP 2/Preview Content\"";
				DEVELOPMENT_TEAM = EWVYY5R697;
				ENABLE_PREVIEWS = YES;
				INFOPLIST_FILE = "LMP 2/Info.plist";
				LD_RUNPATH_SEARCH_PATHS = (
					"$(inherited)",
					"@executable_path/Frameworks",
				);
				PRODUCT_BUNDLE_IDENTIFIER = "Jesus-Medina.LMP-2";
				PRODUCT_NAME = "$(TARGET_NAME)";
				SUPPORTS_MACCATALYST = NO;
				SWIFT_VERSION = 5.0;
				TARGETED_DEVICE_FAMILY = 1;
			};
			name = Debug;
		};
		14E05B3E2460AA93008F2836 /* Release */ = {
			isa = XCBuildConfiguration;
			buildSettings = {
				ASSETCATALOG_COMPILER_APPICON_NAME = AppIcon;
				CODE_SIGN_ENTITLEMENTS = "LMP 2/LMP 2.entitlements";
				CODE_SIGN_STYLE = Automatic;
				DEVELOPMENT_ASSET_PATHS = "\"LMP 2/Preview Content\"";
				DEVELOPMENT_TEAM = EWVYY5R697;
				ENABLE_PREVIEWS = YES;
				INFOPLIST_FILE = "LMP 2/Info.plist";
				LD_RUNPATH_SEARCH_PATHS = (
					"$(inherited)",
					"@executable_path/Frameworks",
				);
				PRODUCT_BUNDLE_IDENTIFIER = "Jesus-Medina.LMP-2";
				PRODUCT_NAME = "$(TARGET_NAME)";
				SUPPORTS_MACCATALYST = NO;
				SWIFT_VERSION = 5.0;
				TARGETED_DEVICE_FAMILY = 1;
			};
			name = Release;
		};
/* End XCBuildConfiguration section */

/* Begin XCConfigurationList section */
		14E05B0D2460AA92008F2836 /* Build configuration list for PBXProject "LMP 2" */ = {
			isa = XCConfigurationList;
			buildConfigurations = (
				14E05B3A2460AA93008F2836 /* Debug */,
				14E05B3B2460AA93008F2836 /* Release */,
			);
			defaultConfigurationIsVisible = 0;
			defaultConfigurationName = Release;
		};
		14E05B3C2460AA93008F2836 /* Build configuration list for PBXNativeTarget "LMP 2" */ = {
			isa = XCConfigurationList;
			buildConfigurations = (
				14E05B3D2460AA93008F2836 /* Debug */,
				14E05B3E2460AA93008F2836 /* Release */,
			);
			defaultConfigurationIsVisible = 0;
			defaultConfigurationName = Release;
		};
/* End XCConfigurationList section */

/* Begin XCRemoteSwiftPackageReference section */
		1425499C255F848200EBE5AD /* XCRemoteSwiftPackageReference "SDWebImageSwiftUI" */ = {
			isa = XCRemoteSwiftPackageReference;
			repositoryURL = "https://github.com/SDWebImage/SDWebImageSwiftUI.git";
			requirement = {
				kind = upToNextMajorVersion;
				minimumVersion = 1.5.0;
			};
		};
/* End XCRemoteSwiftPackageReference section */

/* Begin XCSwiftPackageProductDependency section */
		1425499D255F848200EBE5AD /* SDWebImageSwiftUI */ = {
			isa = XCSwiftPackageProductDependency;
			package = 1425499C255F848200EBE5AD /* XCRemoteSwiftPackageReference "SDWebImageSwiftUI" */;
			productName = SDWebImageSwiftUI;
		};
/* End XCSwiftPackageProductDependency section */
	};
	rootObject = 14E05B0A2460AA92008F2836 /* Project object */;
}
